
Microsoft Visual Studio Solution File, Format Version 12.00
# Visual Studio Version 16
VisualStudioVersion = 16.0.29920.165
MinimumVisualStudioVersion = 10.0.40219.1
Project("{FAE04EC0-301F-11D3-BF4B-00C04F79EFBC}") = "EHIApi", "EHIApi\EHIApi.csproj", "{3C583D56-F3BF-4DBA-8117-C1BFB919E615}"
EndProject
Global
	GlobalSection(SolutionConfigurationPlatforms) = preSolution
		Debug|Any CPU = Debug|Any CPU
		Release|Any CPU = Release|Any CPU
	EndGlobalSection
	GlobalSection(ProjectConfigurationPlatforms) = postSolution
		{3C583D56-F3BF-4DBA-8117-C1BFB919E615}.Debug|Any CPU.ActiveCfg = Debug|Any CPU
		{3C583D56-F3BF-4DBA-8117-C1BFB919E615}.Debug|Any CPU.Build.0 = Debug|Any CPU
		{3C583D56-F3BF-4DBA-8117-C1BFB919E615}.Release|Any CPU.ActiveCfg = Release|Any CPU
		{3C583D56-F3BF-4DBA-8117-C1BFB919E615}.Release|Any CPU.Build.0 = Release|Any CPU
	EndGlobalSection
	GlobalSection(SolutionProperties) = preSolution
		HideSolutionNode = FALSE
	EndGlobalSection
	GlobalSection(ExtensibilityGlobals) = postSolution
		SolutionGuid = {146D5DFA-5B46-41B8-A813-AA22BB9500C1}
	EndGlobalSection
EndGlobal
